<?xml version="1.0" encoding="utf-8"?>
<Project ToolsVersion="4.0" xmlns="http://schemas.microsoft.com/developer/msbuild/2003">
  <ItemGroup>
    <Filter Include="Source Files">
      <UniqueIdentifier>{8ec41e65-4661-465f-88dc-005c37a9ec60}</UniqueIdentifier>
      <Extensions>cpp;c;cxx;rc;def;r;odl;idl;hpj;bat</Extensions>
    </Filter>
    <Filter Include="Header Files">
      <UniqueIdentifier>{e3a8075c-8bf8-4133-9ea9-9f9922b33825}</UniqueIdentifier>
      <Extensions>h;hpp;hxx;hm;inl</Extensions>
    </Filter>
    <Filter Include="Resource Files">
      <UniqueIdentifier>{f463a53c-bb5b-44a3-a6d1-daa3a5874470}</UniqueIdentifier>
      <Extensions>ico;cur;bmp;dlg;rc2;rct;bin;rgs;gif;jpg;jpeg;jpe</Extensions>
    </Filter>
  </ItemGroup>
  <ItemGroup>
    <ClCompile Include="StdAfx.cpp">
      <Filter>Source Files</Filter>
    </ClCompile>
    <ClCompile Include="test_ocx_parament_array.cpp">
      <Filter>Source Files</Filter>
    </ClCompile>
    <ClCompile Include="Test_ocx_parament_arrayCtl.cpp">
      <Filter>Source Files</Filter>
    </ClCompile>
    <ClCompile Include="Test_ocx_parament_arrayPpg.cpp">
      <Filter>Source Files</Filter>
    </ClCompile>
  </ItemGroup>
  <ItemGroup>
    <Midl Include="test_ocx_parament_array.odl">
      <Filter>Source Files</Filter>
    </Midl>
  </ItemGroup>
  <ItemGroup>
    <ResourceCompile Include="test_ocx_parament_array.rc">
      <Filter>Source Files</Filter>
    </ResourceCompile>
  </ItemGroup>
  <ItemGroup>
    <ClInclude Include="Resource.h">
      <Filter>Header Files</Filter>
    </ClInclude>
    <ClInclude Include="StdAfx.h">
      <Filter>Header Files</Filter>
    </ClInclude>
    <ClInclude Include="test_ocx_parament_array.h">
      <Filter>Header Files</Filter>
    </ClInclude>
    <ClInclude Include="Test_ocx_parament_arrayCtl.h">
      <Filter>Header Files</Filter>
    </ClInclude>
    <ClInclude Include="Test_ocx_parament_arrayPpg.h">
      <Filter>Header Files</Filter>
    </ClInclude>
  </ItemGroup>
  <ItemGroup>
    <CustomBuild Include="test_ocx_parament_array.def">
      <Filter>Source Files</Filter>
    </CustomBuild>
    <CustomBuild Include="test_ocx_parament_array.ico">
      <Filter>Resource Files</Filter>
    </CustomBuild>
    <CustomBuild Include="Test_ocx_parament_arrayCtl.bmp">
      <Filter>Resource Files</Filter>
    </CustomBuild>
    <CustomBuild Include="ReadMe.txt" />
  </ItemGroup>
</Project>